
Microsoft Visual Studio Solution File, Format Version 12.00
# Visual Studio Version 16
VisualStudioVersion = 16.0.30626.31
MinimumVisualStudioVersion = 10.0.40219.1
Project("{9A19103F-16F7-4668-BE54-9A1E7A4F7556}") = "prEntidades", "prEntidades\prEntidades.csproj", "{615626D7-EE9A-494E-841E-C5A895255155}"
EndProject
Project("{9A19103F-16F7-4668-BE54-9A1E7A4F7556}") = "prRepository", "prRepository\prRepository.csproj", "{74BE3B34-1410-48E7-98F3-D467C3CB7002}"
EndProject
Project("{FAE04EC0-301F-11D3-BF4B-00C04F79EFBC}") = "prDTO", "prDTO\prDTO.csproj", "{F757950C-F0EE-47AB-BF90-E5B384E700EB}"
EndProject
Project("{FAE04EC0-301F-11D3-BF4B-00C04F79EFBC}") = "prUtility", "prUtility\prUtility.csproj", "{604D5CB2-44A3-4EAA-9F32-D25A7CB9ED94}"
EndProject
Project("{FAE04EC0-301F-11D3-BF4B-00C04F79EFBC}") = "ProductsWebAPI", "ProductsWebAPI\ProductsWebAPI.csproj", "{7C453191-C5AE-47DF-89E2-030B89BBBD6B}"
EndProject
Global
	GlobalSection(SolutionConfigurationPlatforms) = preSolution
		Debug|Any CPU = Debug|Any CPU
		Release|Any CPU = Release|Any CPU
	EndGlobalSection
	GlobalSection(ProjectConfigurationPlatforms) = postSolution
		{615626D7-EE9A-494E-841E-C5A895255155}.Debug|Any CPU.ActiveCfg = Debug|Any CPU
		{615626D7-EE9A-494E-841E-C5A895255155}.Debug|Any CPU.Build.0 = Debug|Any CPU
		{615626D7-EE9A-494E-841E-C5A895255155}.Release|Any CPU.ActiveCfg = Release|Any CPU
		{615626D7-EE9A-494E-841E-C5A895255155}.Release|Any CPU.Build.0 = Release|Any CPU
		{74BE3B34-1410-48E7-98F3-D467C3CB7002}.Debug|Any CPU.ActiveCfg = Debug|Any CPU
		{74BE3B34-1410-48E7-98F3-D467C3CB7002}.Debug|Any CPU.Build.0 = Debug|Any CPU
		{74BE3B34-1410-48E7-98F3-D467C3CB7002}.Release|Any CPU.ActiveCfg = Release|Any CPU
		{74BE3B34-1410-48E7-98F3-D467C3CB7002}.Release|Any CPU.Build.0 = Release|Any CPU
		{F757950C-F0EE-47AB-BF90-E5B384E700EB}.Debug|Any CPU.ActiveCfg = Debug|Any CPU
		{F757950C-F0EE-47AB-BF90-E5B384E700EB}.Debug|Any CPU.Build.0 = Debug|Any CPU
		{F757950C-F0EE-47AB-BF90-E5B384E700EB}.Release|Any CPU.ActiveCfg = Release|Any CPU
		{F757950C-F0EE-47AB-BF90-E5B384E700EB}.Release|Any CPU.Build.0 = Release|Any CPU
		{604D5CB2-44A3-4EAA-9F32-D25A7CB9ED94}.Debug|Any CPU.ActiveCfg = Debug|Any CPU
		{604D5CB2-44A3-4EAA-9F32-D25A7CB9ED94}.Debug|Any CPU.Build.0 = Debug|Any CPU
		{604D5CB2-44A3-4EAA-9F32-D25A7CB9ED94}.Release|Any CPU.ActiveCfg = Release|Any CPU
		{604D5CB2-44A3-4EAA-9F32-D25A7CB9ED94}.Release|Any CPU.Build.0 = Release|Any CPU
		{7C453191-C5AE-47DF-89E2-030B89BBBD6B}.Debug|Any CPU.ActiveCfg = Debug|Any CPU
		{7C453191-C5AE-47DF-89E2-030B89BBBD6B}.Debug|Any CPU.Build.0 = Debug|Any CPU
		{7C453191-C5AE-47DF-89E2-030B89BBBD6B}.Release|Any CPU.ActiveCfg = Release|Any CPU
		{7C453191-C5AE-47DF-89E2-030B89BBBD6B}.Release|Any CPU.Build.0 = Release|Any CPU
	EndGlobalSection
	GlobalSection(SolutionProperties) = preSolution
		HideSolutionNode = FALSE
	EndGlobalSection
	GlobalSection(ExtensibilityGlobals) = postSolution
		SolutionGuid = {BCC1FEFB-A09D-4E1B-8FD8-AE7844F78175}
	EndGlobalSection
EndGlobal
